
Microsoft Visual Studio Solution File, Format Version 12.00
# Visual Studio Version 17
VisualStudioVersion = 17.1.32421.90
MinimumVisualStudioVersion = 10.0.40219.1
Project("{FAE04EC0-301F-11D3-BF4B-00C04F79EFBC}") = "PersonalUchet", "PersonalUchet\PersonalUchet.csproj", "{C46C2C14-2D9F-49F6-9340-8B44D987B718}"
EndProject
Project("{FAE04EC0-301F-11D3-BF4B-00C04F79EFBC}") = "ClassLibraryEmployees", "ClassLibraryEmloyees\ClassLibraryEmployees.csproj", "{C52008F3-5A13-404C-BC02-023D037B28CE}"
EndProject
Global
	GlobalSection(SolutionConfigurationPlatforms) = preSolution
		Debug|Any CPU = Debug|Any CPU
		Release|Any CPU = Release|Any CPU
	EndGlobalSection
	GlobalSection(ProjectConfigurationPlatforms) = postSolution
		{C46C2C14-2D9F-49F6-9340-8B44D987B718}.Debug|Any CPU.ActiveCfg = Debug|Any CPU
		{C46C2C14-2D9F-49F6-9340-8B44D987B718}.Debug|Any CPU.Build.0 = Debug|Any CPU
		{C46C2C14-2D9F-49F6-9340-8B44D987B718}.Release|Any CPU.ActiveCfg = Release|Any CPU
		{C46C2C14-2D9F-49F6-9340-8B44D987B718}.Release|Any CPU.Build.0 = Release|Any CPU
		{C52008F3-5A13-404C-BC02-023D037B28CE}.Debug|Any CPU.ActiveCfg = Debug|Any CPU
		{C52008F3-5A13-404C-BC02-023D037B28CE}.Debug|Any CPU.Build.0 = Debug|Any CPU
		{C52008F3-5A13-404C-BC02-023D037B28CE}.Release|Any CPU.ActiveCfg = Release|Any CPU
		{C52008F3-5A13-404C-BC02-023D037B28CE}.Release|Any CPU.Build.0 = Release|Any CPU
	EndGlobalSection
	GlobalSection(SolutionProperties) = preSolution
		HideSolutionNode = FALSE
	EndGlobalSection
	GlobalSection(ExtensibilityGlobals) = postSolution
		SolutionGuid = {6A308F21-F1E5-44A4-81FD-D7B52771FF89}
	EndGlobalSection
EndGlobal
